
Microsoft Visual Studio Solution File, Format Version 12.00
# Visual Studio Version 17
VisualStudioVersion = 17.11.35222.181
MinimumVisualStudioVersion = 10.0.40219.1
Project("{9A19103F-16F7-4668-BE54-9A1E7A4F7556}") = "BlazorBuilds", "BlazorBuilds\BlazorBuilds.csproj", "{A69EF02D-6128-42D2-BA2A-AB85979B52D6}"
EndProject
Project("{9A19103F-16F7-4668-BE54-9A1E7A4F7556}") = "BlazorBuilds.Components", "BlazorBuilds.Components\BlazorBuilds.Components.csproj", "{6C654F37-E1F5-4B48-B680-E6BC7BACCD46}"
EndProject
Global
	GlobalSection(SolutionConfigurationPlatforms) = preSolution
		Debug|Any CPU = Debug|Any CPU
		Release|Any CPU = Release|Any CPU
	EndGlobalSection
	GlobalSection(ProjectConfigurationPlatforms) = postSolution
		{A69EF02D-6128-42D2-BA2A-AB85979B52D6}.Debug|Any CPU.ActiveCfg = Debug|Any CPU
		{A69EF02D-6128-42D2-BA2A-AB85979B52D6}.Debug|Any CPU.Build.0 = Debug|Any CPU
		{A69EF02D-6128-42D2-BA2A-AB85979B52D6}.Release|Any CPU.ActiveCfg = Release|Any CPU
		{A69EF02D-6128-42D2-BA2A-AB85979B52D6}.Release|Any CPU.Build.0 = Release|Any CPU
		{6C654F37-E1F5-4B48-B680-E6BC7BACCD46}.Debug|Any CPU.ActiveCfg = Debug|Any CPU
		{6C654F37-E1F5-4B48-B680-E6BC7BACCD46}.Debug|Any CPU.Build.0 = Debug|Any CPU
		{6C654F37-E1F5-4B48-B680-E6BC7BACCD46}.Release|Any CPU.ActiveCfg = Release|Any CPU
		{6C654F37-E1F5-4B48-B680-E6BC7BACCD46}.Release|Any CPU.Build.0 = Release|Any CPU
	EndGlobalSection
	GlobalSection(SolutionProperties) = preSolution
		HideSolutionNode = FALSE
	EndGlobalSection
	GlobalSection(ExtensibilityGlobals) = postSolution
		SolutionGuid = {42567BD3-6D2A-4C76-A834-E0686C99DB0F}
	EndGlobalSection
EndGlobal
